
Microsoft Visual Studio Solution File, Format Version 12.00
# Visual Studio 2012
Project("{FAE04EC0-301F-11D3-BF4B-00C04F79EFBC}") = "Boliche de Tony", "Boliche de Tony\Boliche de Tony.csproj", "{AB701DD7-AF22-4F25-BAED-87BC139980A0}"
EndProject
Project("{FAE04EC0-301F-11D3-BF4B-00C04F79EFBC}") = "Entidades", "Entidades\Entidades.csproj", "{997788B0-0015-41E3-AA88-4C1521662E47}"
EndProject
Global
	GlobalSection(SolutionConfigurationPlatforms) = preSolution
		Debug|Any CPU = Debug|Any CPU
		Release|Any CPU = Release|Any CPU
	EndGlobalSection
	GlobalSection(ProjectConfigurationPlatforms) = postSolution
		{AB701DD7-AF22-4F25-BAED-87BC139980A0}.Debug|Any CPU.ActiveCfg = Debug|Any CPU
		{AB701DD7-AF22-4F25-BAED-87BC139980A0}.Debug|Any CPU.Build.0 = Debug|Any CPU
		{AB701DD7-AF22-4F25-BAED-87BC139980A0}.Release|Any CPU.ActiveCfg = Release|Any CPU
		{AB701DD7-AF22-4F25-BAED-87BC139980A0}.Release|Any CPU.Build.0 = Release|Any CPU
		{997788B0-0015-41E3-AA88-4C1521662E47}.Debug|Any CPU.ActiveCfg = Debug|Any CPU
		{997788B0-0015-41E3-AA88-4C1521662E47}.Debug|Any CPU.Build.0 = Debug|Any CPU
		{997788B0-0015-41E3-AA88-4C1521662E47}.Release|Any CPU.ActiveCfg = Release|Any CPU
		{997788B0-0015-41E3-AA88-4C1521662E47}.Release|Any CPU.Build.0 = Release|Any CPU
	EndGlobalSection
	GlobalSection(SolutionProperties) = preSolution
		HideSolutionNode = FALSE
	EndGlobalSection
EndGlobal
