
Microsoft Visual Studio Solution File, Format Version 12.00
# Visual Studio 14
VisualStudioVersion = 14.0.25420.1
MinimumVisualStudioVersion = 10.0.40219.1
Project("{FAE04EC0-301F-11D3-BF4B-00C04F79EFBC}") = "Entidades", "Entidades\Entidades.csproj", "{1DAB2694-D67F-4594-881A-1BC68D379C50}"
EndProject
Project("{FAE04EC0-301F-11D3-BF4B-00C04F79EFBC}") = "Program Estante", "Program Estante\Program Estante.csproj", "{363CBD01-0704-441D-A8A1-B78F9668D80A}"
EndProject
Global
	GlobalSection(SolutionConfigurationPlatforms) = preSolution
		Debug|Any CPU = Debug|Any CPU
		Release|Any CPU = Release|Any CPU
	EndGlobalSection
	GlobalSection(ProjectConfigurationPlatforms) = postSolution
		{1DAB2694-D67F-4594-881A-1BC68D379C50}.Debug|Any CPU.ActiveCfg = Debug|Any CPU
		{1DAB2694-D67F-4594-881A-1BC68D379C50}.Debug|Any CPU.Build.0 = Debug|Any CPU
		{1DAB2694-D67F-4594-881A-1BC68D379C50}.Release|Any CPU.ActiveCfg = Release|Any CPU
		{1DAB2694-D67F-4594-881A-1BC68D379C50}.Release|Any CPU.Build.0 = Release|Any CPU
		{363CBD01-0704-441D-A8A1-B78F9668D80A}.Debug|Any CPU.ActiveCfg = Debug|Any CPU
		{363CBD01-0704-441D-A8A1-B78F9668D80A}.Debug|Any CPU.Build.0 = Debug|Any CPU
		{363CBD01-0704-441D-A8A1-B78F9668D80A}.Release|Any CPU.ActiveCfg = Release|Any CPU
		{363CBD01-0704-441D-A8A1-B78F9668D80A}.Release|Any CPU.Build.0 = Release|Any CPU
	EndGlobalSection
	GlobalSection(SolutionProperties) = preSolution
		HideSolutionNode = FALSE
	EndGlobalSection
EndGlobal
